// !$*UTF8*$!
{
	archiveVersion = 1;
	classes = {
	};
	objectVersion = 56;
	objects = {

/* Begin PBXBuildFile section */
		3E857AD12BE020110027FD86 /* assignment3_OnlineShoppingAppApp.swift in Sources */ = {isa = PBXBuildFile; fileRef = 3E857AD02BE020110027FD86 /* assignment3_OnlineShoppingAppApp.swift */; };
		3E857AD32BE020110027FD86 /* ContentView.swift in Sources */ = {isa = PBXBuildFile; fileRef = 3E857AD22BE020110027FD86 /* ContentView.swift */; };
		3E857AD52BE020120027FD86 /* Assets.xcassets in Resources */ = {isa = PBXBuildFile; fileRef = 3E857AD42BE020120027FD86 /* Assets.xcassets */; };
		3E857AD82BE020120027FD86 /* Preview Assets.xcassets in Resources */ = {isa = PBXBuildFile; fileRef = 3E857AD72BE020120027FD86 /* Preview Assets.xcassets */; };
		3E857ADF2BE94E270027FD86 /* Launch Screen.storyboard in Resources */ = {isa = PBXBuildFile; fileRef = 3E857ADE2BE94E270027FD86 /* Launch Screen.storyboard */; };
		3E857AE12BE954120027FD86 /* LogInView.swift in Sources */ = {isa = PBXBuildFile; fileRef = 3E857AE02BE954120027FD86 /* LogInView.swift */; };
		3E857AE32BE954250027FD86 /* SignUpView.swift in Sources */ = {isa = PBXBuildFile; fileRef = 3E857AE22BE954250027FD86 /* SignUpView.swift */; };
		3E857AE72BE965270027FD86 /* TextInputView.swift in Sources */ = {isa = PBXBuildFile; fileRef = 3E857AE62BE965270027FD86 /* TextInputView.swift */; };
		3E857AE92BE967B60027FD86 /* RoundCornerButtonView.swift in Sources */ = {isa = PBXBuildFile; fileRef = 3E857AE82BE967B60027FD86 /* RoundCornerButtonView.swift */; };
		3E857AED2BE9745A0027FD86 /* ProfileView.swift in Sources */ = {isa = PBXBuildFile; fileRef = 3E857AEC2BE9745A0027FD86 /* ProfileView.swift */; };
		3E857AF02BE9754C0027FD86 /* MainPageView.swift in Sources */ = {isa = PBXBuildFile; fileRef = 3E857AEF2BE9754C0027FD86 /* MainPageView.swift */; };
		3E857AF22BE979450027FD86 /* User.swift in Sources */ = {isa = PBXBuildFile; fileRef = 3E857AF12BE979450027FD86 /* User.swift */; };
		3E857AF42BE97EE60027FD86 /* GoogleService-Info.plist in Resources */ = {isa = PBXBuildFile; fileRef = 3E857AF32BE97EE60027FD86 /* GoogleService-Info.plist */; };
		3E857AF72BE980390027FD86 /* FirebaseAuth in Frameworks */ = {isa = PBXBuildFile; productRef = 3E857AF62BE980390027FD86 /* FirebaseAuth */; };
		3E857AF92BE980390027FD86 /* FirebaseFirestore in Frameworks */ = {isa = PBXBuildFile; productRef = 3E857AF82BE980390027FD86 /* FirebaseFirestore */; };
		3E857AFB2BE980390027FD86 /* FirebaseFirestoreSwift in Frameworks */ = {isa = PBXBuildFile; productRef = 3E857AFA2BE980390027FD86 /* FirebaseFirestoreSwift */; };
		3E857AFD2BE980390027FD86 /* FirebaseStorage in Frameworks */ = {isa = PBXBuildFile; productRef = 3E857AFC2BE980390027FD86 /* FirebaseStorage */; };
		3E857AFF2BE9811B0027FD86 /* AuthenticationModel.swift in Sources */ = {isa = PBXBuildFile; fileRef = 3E857AFE2BE9811B0027FD86 /* AuthenticationModel.swift */; };
/* End PBXBuildFile section */

/* Begin PBXFileReference section */
		3E857ACD2BE020110027FD86 /* assignment3_OnlineShoppingApp.app */ = {isa = PBXFileReference; explicitFileType = wrapper.application; includeInIndex = 0; path = assignment3_OnlineShoppingApp.app; sourceTree = BUILT_PRODUCTS_DIR; };
		3E857AD02BE020110027FD86 /* assignment3_OnlineShoppingAppApp.swift */ = {isa = PBXFileReference; lastKnownFileType = sourcecode.swift; path = assignment3_OnlineShoppingAppApp.swift; sourceTree = "<group>"; };
		3E857AD22BE020110027FD86 /* ContentView.swift */ = {isa = PBXFileReference; lastKnownFileType = sourcecode.swift; path = ContentView.swift; sourceTree = "<group>"; };
		3E857AD42BE020120027FD86 /* Assets.xcassets */ = {isa = PBXFileReference; lastKnownFileType = folder.assetcatalog; path = Assets.xcassets; sourceTree = "<group>"; };
		3E857AD72BE020120027FD86 /* Preview Assets.xcassets */ = {isa = PBXFileReference; lastKnownFileType = folder.assetcatalog; path = "Preview Assets.xcassets"; sourceTree = "<group>"; };
		3E857ADE2BE94E270027FD86 /* Launch Screen.storyboard */ = {isa = PBXFileReference; lastKnownFileType = file.storyboard; path = "Launch Screen.storyboard"; sourceTree = "<group>"; };
		3E857AE02BE954120027FD86 /* LogInView.swift */ = {isa = PBXFileReference; lastKnownFileType = sourcecode.swift; path = LogInView.swift; sourceTree = "<group>"; };
		3E857AE22BE954250027FD86 /* SignUpView.swift */ = {isa = PBXFileReference; lastKnownFileType = sourcecode.swift; path = SignUpView.swift; sourceTree = "<group>"; };
		3E857AE62BE965270027FD86 /* TextInputView.swift */ = {isa = PBXFileReference; lastKnownFileType = sourcecode.swift; path = TextInputView.swift; sourceTree = "<group>"; };
		3E857AE82BE967B60027FD86 /* RoundCornerButtonView.swift */ = {isa = PBXFileReference; lastKnownFileType = sourcecode.swift; path = RoundCornerButtonView.swift; sourceTree = "<group>"; };
		3E857AEC2BE9745A0027FD86 /* ProfileView.swift */ = {isa = PBXFileReference; lastKnownFileType = sourcecode.swift; path = ProfileView.swift; sourceTree = "<group>"; };
		3E857AEF2BE9754C0027FD86 /* MainPageView.swift */ = {isa = PBXFileReference; lastKnownFileType = sourcecode.swift; path = MainPageView.swift; sourceTree = "<group>"; };
		3E857AF12BE979450027FD86 /* User.swift */ = {isa = PBXFileReference; lastKnownFileType = sourcecode.swift; path = User.swift; sourceTree = "<group>"; };
		3E857AF32BE97EE60027FD86 /* GoogleService-Info.plist */ = {isa = PBXFileReference; fileEncoding = 4; lastKnownFileType = text.plist.xml; path = "GoogleService-Info.plist"; sourceTree = SOURCE_ROOT; };
		3E857AFE2BE9811B0027FD86 /* AuthenticationModel.swift */ = {isa = PBXFileReference; lastKnownFileType = sourcecode.swift; path = AuthenticationModel.swift; sourceTree = "<group>"; };
/* End PBXFileReference section */

/* Begin PBXFrameworksBuildPhase section */
		3E857ACA2BE020110027FD86 /* Frameworks */ = {
			isa = PBXFrameworksBuildPhase;
			buildActionMask = 2147483647;
			files = (
				3E857AF72BE980390027FD86 /* FirebaseAuth in Frameworks */,
				3E857AFD2BE980390027FD86 /* FirebaseStorage in Frameworks */,
				3E857AF92BE980390027FD86 /* FirebaseFirestore in Frameworks */,
				3E857AFB2BE980390027FD86 /* FirebaseFirestoreSwift in Frameworks */,
			);
			runOnlyForDeploymentPostprocessing = 0;
		};
/* End PBXFrameworksBuildPhase section */

/* Begin PBXGroup section */
		3E857AC42BE020110027FD86 = {
			isa = PBXGroup;
			children = (
				3E857ACF2BE020110027FD86 /* assignment3_OnlineShoppingApp */,
				3E857ACE2BE020110027FD86 /* Products */,
			);
			sourceTree = "<group>";
		};
		3E857ACE2BE020110027FD86 /* Products */ = {
			isa = PBXGroup;
			children = (
				3E857ACD2BE020110027FD86 /* assignment3_OnlineShoppingApp.app */,
			);
			name = Products;
			sourceTree = "<group>";
		};
		3E857ACF2BE020110027FD86 /* assignment3_OnlineShoppingApp */ = {
			isa = PBXGroup;
			children = (
				3E857AD02BE020110027FD86 /* assignment3_OnlineShoppingAppApp.swift */,
				3E857AD22BE020110027FD86 /* ContentView.swift */,
				3E857AE42BE9644C0027FD86 /* Authentication */,
				3E857AEE2BE975250027FD86 /* MainPageViews */,
				3E857AEB2BE9741C0027FD86 /* ProfileViews */,
				3E857AE52BE964EC0027FD86 /* ComponentViews */,
				3E857AEA2BE973BF0027FD86 /* Models */,
				3E857AD42BE020120027FD86 /* Assets.xcassets */,
				3E857AF32BE97EE60027FD86 /* GoogleService-Info.plist */,
				3E857AD62BE020120027FD86 /* Preview Content */,
			);
			path = assignment3_OnlineShoppingApp;
			sourceTree = "<group>";
		};
		3E857AD62BE020120027FD86 /* Preview Content */ = {
			isa = PBXGroup;
			children = (
				3E857AD72BE020120027FD86 /* Preview Assets.xcassets */,
				3E857ADE2BE94E270027FD86 /* Launch Screen.storyboard */,
			);
			path = "Preview Content";
			sourceTree = "<group>";
		};
		3E857AE42BE9644C0027FD86 /* Authentication */ = {
			isa = PBXGroup;
			children = (
				3E857AFE2BE9811B0027FD86 /* AuthenticationModel.swift */,
				3E857AE22BE954250027FD86 /* SignUpView.swift */,
				3E857AE02BE954120027FD86 /* LogInView.swift */,
			);
			path = Authentication;
			sourceTree = "<group>";
		};
		3E857AE52BE964EC0027FD86 /* ComponentViews */ = {
			isa = PBXGroup;
			children = (
				3E857AE62BE965270027FD86 /* TextInputView.swift */,
				3E857AE82BE967B60027FD86 /* RoundCornerButtonView.swift */,
			);
			path = ComponentViews;
			sourceTree = "<group>";
		};
		3E857AEA2BE973BF0027FD86 /* Models */ = {
			isa = PBXGroup;
			children = (
				3E857AF12BE979450027FD86 /* User.swift */,
			);
			path = Models;
			sourceTree = "<group>";
		};
		3E857AEB2BE9741C0027FD86 /* ProfileViews */ = {
			isa = PBXGroup;
			children = (
				3E857AEC2BE9745A0027FD86 /* ProfileView.swift */,
			);
			path = ProfileViews;
			sourceTree = "<group>";
		};
		3E857AEE2BE975250027FD86 /* MainPageViews */ = {
			isa = PBXGroup;
			children = (
				3E857AEF2BE9754C0027FD86 /* MainPageView.swift */,
			);
			path = MainPageViews;
			sourceTree = "<group>";
		};
/* End PBXGroup section */

/* Begin PBXNativeTarget section */
		3E857ACC2BE020110027FD86 /* assignment3_OnlineShoppingApp */ = {
			isa = PBXNativeTarget;
			buildConfigurationList = 3E857ADB2BE020120027FD86 /* Build configuration list for PBXNativeTarget "assignment3_OnlineShoppingApp" */;
			buildPhases = (
				3E857AC92BE020110027FD86 /* Sources */,
				3E857ACA2BE020110027FD86 /* Frameworks */,
				3E857ACB2BE020110027FD86 /* Resources */,
			);
			buildRules = (
			);
			dependencies = (
			);
			name = assignment3_OnlineShoppingApp;
			packageProductDependencies = (
				3E857AF62BE980390027FD86 /* FirebaseAuth */,
				3E857AF82BE980390027FD86 /* FirebaseFirestore */,
				3E857AFA2BE980390027FD86 /* FirebaseFirestoreSwift */,
				3E857AFC2BE980390027FD86 /* FirebaseStorage */,
			);
			productName = assignment3_OnlineShoppingApp;
			productReference = 3E857ACD2BE020110027FD86 /* assignment3_OnlineShoppingApp.app */;
			productType = "com.apple.product-type.application";
		};
/* End PBXNativeTarget section */

/* Begin PBXProject section */
		3E857AC52BE020110027FD86 /* Project object */ = {
			isa = PBXProject;
			attributes = {
				BuildIndependentTargetsInParallel = 1;
				LastSwiftUpdateCheck = 1530;
				LastUpgradeCheck = 1530;
				TargetAttributes = {
					3E857ACC2BE020110027FD86 = {
						CreatedOnToolsVersion = 15.3;
					};
				};
			};
			buildConfigurationList = 3E857AC82BE020110027FD86 /* Build configuration list for PBXProject "assignment3_OnlineShoppingApp" */;
			compatibilityVersion = "Xcode 14.0";
			developmentRegion = en;
			hasScannedForEncodings = 0;
			knownRegions = (
				en,
				Base,
			);
			mainGroup = 3E857AC42BE020110027FD86;
			packageReferences = (
				3E857AF52BE980390027FD86 /* XCRemoteSwiftPackageReference "firebase-ios-sdk" */,
			);
			productRefGroup = 3E857ACE2BE020110027FD86 /* Products */;
			projectDirPath = "";
			projectRoot = "";
			targets = (
				3E857ACC2BE020110027FD86 /* assignment3_OnlineShoppingApp */,
			);
		};
/* End PBXProject section */

/* Begin PBXResourcesBuildPhase section */
		3E857ACB2BE020110027FD86 /* Resources */ = {
			isa = PBXResourcesBuildPhase;
			buildActionMask = 2147483647;
			files = (
				3E857ADF2BE94E270027FD86 /* Launch Screen.storyboard in Resources */,
				3E857AF42BE97EE60027FD86 /* GoogleService-Info.plist in Resources */,
				3E857AD82BE020120027FD86 /* Preview Assets.xcassets in Resources */,
				3E857AD52BE020120027FD86 /* Assets.xcassets in Resources */,
			);
			runOnlyForDeploymentPostprocessing = 0;
		};
/* End PBXResourcesBuildPhase section */

/* Begin PBXSourcesBuildPhase section */
		3E857AC92BE020110027FD86 /* Sources */ = {
			isa = PBXSourcesBuildPhase;
			buildActionMask = 2147483647;
			files = (
				3E857AE72BE965270027FD86 /* TextInputView.swift in Sources */,
				3E857AFF2BE9811B0027FD86 /* AuthenticationModel.swift in Sources */,
				3E857AE32BE954250027FD86 /* SignUpView.swift in Sources */,
				3E857AF02BE9754C0027FD86 /* MainPageView.swift in Sources */,
				3E857AF22BE979450027FD86 /* User.swift in Sources */,
				3E857AE12BE954120027FD86 /* LogInView.swift in Sources */,
				3E857AD32BE020110027FD86 /* ContentView.swift in Sources */,
				3E857AE92BE967B60027FD86 /* RoundCornerButtonView.swift in Sources */,
				3E857AED2BE9745A0027FD86 /* ProfileView.swift in Sources */,
				3E857AD12BE020110027FD86 /* assignment3_OnlineShoppingAppApp.swift in Sources */,
			);
			runOnlyForDeploymentPostprocessing = 0;
		};
/* End PBXSourcesBuildPhase section */

/* Begin XCBuildConfiguration section */
		3E857AD92BE020120027FD86 /* Debug */ = {
			isa = XCBuildConfiguration;
			buildSettings = {
				ALWAYS_SEARCH_USER_PATHS = NO;
				ASSETCATALOG_COMPILER_GENERATE_SWIFT_ASSET_SYMBOL_EXTENSIONS = YES;
				CLANG_ANALYZER_NONNULL = YES;
				CLANG_ANALYZER_NUMBER_OBJECT_CONVERSION = YES_AGGRESSIVE;
				CLANG_CXX_LANGUAGE_STANDARD = "gnu++20";
				CLANG_ENABLE_MODULES = YES;
				CLANG_ENABLE_OBJC_ARC = YES;
				CLANG_ENABLE_OBJC_WEAK = YES;
				CLANG_WARN_BLOCK_CAPTURE_AUTORELEASING = YES;
				CLANG_WARN_BOOL_CONVERSION = YES;
				CLANG_WARN_COMMA = YES;
				CLANG_WARN_CONSTANT_CONVERSION = YES;
				CLANG_WARN_DEPRECATED_OBJC_IMPLEMENTATIONS = YES;
				CLANG_WARN_DIRECT_OBJC_ISA_USAGE = YES_ERROR;
				CLANG_WARN_DOCUMENTATION_COMMENTS = YES;
				CLANG_WARN_EMPTY_BODY = YES;
				CLANG_WARN_ENUM_CONVERSION = YES;
				CLANG_WARN_INFINITE_RECURSION = YES;
				CLANG_WARN_INT_CONVERSION = YES;
				CLANG_WARN_NON_LITERAL_NULL_CONVERSION = YES;
				CLANG_WARN_OBJC_IMPLICIT_RETAIN_SELF = YES;
				CLANG_WARN_OBJC_LITERAL_CONVERSION = YES;
				CLANG_WARN_OBJC_ROOT_CLASS = YES_ERROR;
				CLANG_WARN_QUOTED_INCLUDE_IN_FRAMEWORK_HEADER = YES;
				CLANG_WARN_RANGE_LOOP_ANALYSIS = YES;
				CLANG_WARN_STRICT_PROTOTYPES = YES;
				CLANG_WARN_SUSPICIOUS_MOVE = YES;
				CLANG_WARN_UNGUARDED_AVAILABILITY = YES_AGGRESSIVE;
				CLANG_WARN_UNREACHABLE_CODE = YES;
				CLANG_WARN__DUPLICATE_METHOD_MATCH = YES;
				COPY_PHASE_STRIP = NO;
				DEBUG_INFORMATION_FORMAT = dwarf;
				ENABLE_STRICT_OBJC_MSGSEND = YES;
				ENABLE_TESTABILITY = YES;
				ENABLE_USER_SCRIPT_SANDBOXING = YES;
				GCC_C_LANGUAGE_STANDARD = gnu17;
				GCC_DYNAMIC_NO_PIC = NO;
				GCC_NO_COMMON_BLOCKS = YES;
				GCC_OPTIMIZATION_LEVEL = 0;
				GCC_PREPROCESSOR_DEFINITIONS = (
					"DEBUG=1",
					"$(inherited)",
				);
				GCC_WARN_64_TO_32_BIT_CONVERSION = YES;
				GCC_WARN_ABOUT_RETURN_TYPE = YES_ERROR;
				GCC_WARN_UNDECLARED_SELECTOR = YES;
				GCC_WARN_UNINITIALIZED_AUTOS = YES_AGGRESSIVE;
				GCC_WARN_UNUSED_FUNCTION = YES;
				GCC_WARN_UNUSED_VARIABLE = YES;
				IPHONEOS_DEPLOYMENT_TARGET = 17.4;
				LOCALIZATION_PREFERS_STRING_CATALOGS = YES;
				MTL_ENABLE_DEBUG_INFO = INCLUDE_SOURCE;
				MTL_FAST_MATH = YES;
				ONLY_ACTIVE_ARCH = YES;
				SDKROOT = iphoneos;
				SWIFT_ACTIVE_COMPILATION_CONDITIONS = "DEBUG $(inherited)";
				SWIFT_OPTIMIZATION_LEVEL = "-Onone";
			};
			name = Debug;
		};
		3E857ADA2BE020120027FD86 /* Release */ = {
			isa = XCBuildConfiguration;
			buildSettings = {
				ALWAYS_SEARCH_USER_PATHS = NO;
				ASSETCATALOG_COMPILER_GENERATE_SWIFT_ASSET_SYMBOL_EXTENSIONS = YES;
				CLANG_ANALYZER_NONNULL = YES;
				CLANG_ANALYZER_NUMBER_OBJECT_CONVERSION = YES_AGGRESSIVE;
				CLANG_CXX_LANGUAGE_STANDARD = "gnu++20";
				CLANG_ENABLE_MODULES = YES;
				CLANG_ENABLE_OBJC_ARC = YES;
				CLANG_ENABLE_OBJC_WEAK = YES;
				CLANG_WARN_BLOCK_CAPTURE_AUTORELEASING = YES;
				CLANG_WARN_BOOL_CONVERSION = YES;
				CLANG_WARN_COMMA = YES;
				CLANG_WARN_CONSTANT_CONVERSION = YES;
				CLANG_WARN_DEPRECATED_OBJC_IMPLEMENTATIONS = YES;
				CLANG_WARN_DIRECT_OBJC_ISA_USAGE = YES_ERROR;
				CLANG_WARN_DOCUMENTATION_COMMENTS = YES;
				CLANG_WARN_EMPTY_BODY = YES;
				CLANG_WARN_ENUM_CONVERSION = YES;
				CLANG_WARN_INFINITE_RECURSION = YES;
				CLANG_WARN_INT_CONVERSION = YES;
				CLANG_WARN_NON_LITERAL_NULL_CONVERSION = YES;
				CLANG_WARN_OBJC_IMPLICIT_RETAIN_SELF = YES;
				CLANG_WARN_OBJC_LITERAL_CONVERSION = YES;
				CLANG_WARN_OBJC_ROOT_CLASS = YES_ERROR;
				CLANG_WARN_QUOTED_INCLUDE_IN_FRAMEWORK_HEADER = YES;
				CLANG_WARN_RANGE_LOOP_ANALYSIS = YES;
				CLANG_WARN_STRICT_PROTOTYPES = YES;
				CLANG_WARN_SUSPICIOUS_MOVE = YES;
				CLANG_WARN_UNGUARDED_AVAILABILITY = YES_AGGRESSIVE;
				CLANG_WARN_UNREACHABLE_CODE = YES;
				CLANG_WARN__DUPLICATE_METHOD_MATCH = YES;
				COPY_PHASE_STRIP = NO;
				DEBUG_INFORMATION_FORMAT = "dwarf-with-dsym";
				ENABLE_NS_ASSERTIONS = NO;
				ENABLE_STRICT_OBJC_MSGSEND = YES;
				ENABLE_USER_SCRIPT_SANDBOXING = YES;
				GCC_C_LANGUAGE_STANDARD = gnu17;
				GCC_NO_COMMON_BLOCKS = YES;
				GCC_WARN_64_TO_32_BIT_CONVERSION = YES;
				GCC_WARN_ABOUT_RETURN_TYPE = YES_ERROR;
				GCC_WARN_UNDECLARED_SELECTOR = YES;
				GCC_WARN_UNINITIALIZED_AUTOS = YES_AGGRESSIVE;
				GCC_WARN_UNUSED_FUNCTION = YES;
				GCC_WARN_UNUSED_VARIABLE = YES;
				IPHONEOS_DEPLOYMENT_TARGET = 17.4;
				LOCALIZATION_PREFERS_STRING_CATALOGS = YES;
				MTL_ENABLE_DEBUG_INFO = NO;
				MTL_FAST_MATH = YES;
				SDKROOT = iphoneos;
				SWIFT_COMPILATION_MODE = wholemodule;
				VALIDATE_PRODUCT = YES;
			};
			name = Release;
		};
		3E857ADC2BE020120027FD86 /* Debug */ = {
			isa = XCBuildConfiguration;
			buildSettings = {
				ASSETCATALOG_COMPILER_APPICON_NAME = AppIcon;
				ASSETCATALOG_COMPILER_GLOBAL_ACCENT_COLOR_NAME = AccentColor;
				CODE_SIGN_STYLE = Automatic;
				CURRENT_PROJECT_VERSION = 1;
				DEVELOPMENT_ASSET_PATHS = "\"assignment3_OnlineShoppingApp/Preview Content\"";
				ENABLE_PREVIEWS = YES;
				GENERATE_INFOPLIST_FILE = YES;
				INFOPLIST_KEY_UIApplicationSceneManifest_Generation = YES;
				INFOPLIST_KEY_UIApplicationSupportsIndirectInputEvents = YES;
				INFOPLIST_KEY_UILaunchScreen_Generation = YES;
				INFOPLIST_KEY_UILaunchStoryboardName = "Launch Screen.storyboard";
				INFOPLIST_KEY_UISupportedInterfaceOrientations_iPad = "UIInterfaceOrientationPortrait UIInterfaceOrientationPortraitUpsideDown UIInterfaceOrientationLandscapeLeft UIInterfaceOrientationLandscapeRight";
				INFOPLIST_KEY_UISupportedInterfaceOrientations_iPhone = "UIInterfaceOrientationPortrait UIInterfaceOrientationLandscapeLeft UIInterfaceOrientationLandscapeRight";
				LD_RUNPATH_SEARCH_PATHS = (
					"$(inherited)",
					"@executable_path/Frameworks",
				);
				MARKETING_VERSION = 1.0;
				PRODUCT_BUNDLE_IDENTIFIER = "au.edu.uts.assignment3-OnlineShoppingApp";
				PRODUCT_NAME = "$(TARGET_NAME)";
				SWIFT_EMIT_LOC_STRINGS = YES;
				SWIFT_VERSION = 5.0;
				TARGETED_DEVICE_FAMILY = "1,2";
			};
			name = Debug;
		};
		3E857ADD2BE020120027FD86 /* Release */ = {
			isa = XCBuildConfiguration;
			buildSettings = {
				ASSETCATALOG_COMPILER_APPICON_NAME = AppIcon;
				ASSETCATALOG_COMPILER_GLOBAL_ACCENT_COLOR_NAME = AccentColor;
				CODE_SIGN_STYLE = Automatic;
				CURRENT_PROJECT_VERSION = 1;
				DEVELOPMENT_ASSET_PATHS = "\"assignment3_OnlineShoppingApp/Preview Content\"";
				ENABLE_PREVIEWS = YES;
				GENERATE_INFOPLIST_FILE = YES;
				INFOPLIST_KEY_UIApplicationSceneManifest_Generation = YES;
				INFOPLIST_KEY_UIApplicationSupportsIndirectInputEvents = YES;
				INFOPLIST_KEY_UILaunchScreen_Generation = YES;
				INFOPLIST_KEY_UILaunchStoryboardName = "Launch Screen.storyboard";
				INFOPLIST_KEY_UISupportedInterfaceOrientations_iPad = "UIInterfaceOrientationPortrait UIInterfaceOrientationPortraitUpsideDown UIInterfaceOrientationLandscapeLeft UIInterfaceOrientationLandscapeRight";
				INFOPLIST_KEY_UISupportedInterfaceOrientations_iPhone = "UIInterfaceOrientationPortrait UIInterfaceOrientationLandscapeLeft UIInterfaceOrientationLandscapeRight";
				LD_RUNPATH_SEARCH_PATHS = (
					"$(inherited)",
					"@executable_path/Frameworks",
				);
				MARKETING_VERSION = 1.0;
				PRODUCT_BUNDLE_IDENTIFIER = "au.edu.uts.assignment3-OnlineShoppingApp";
				PRODUCT_NAME = "$(TARGET_NAME)";
				SWIFT_EMIT_LOC_STRINGS = YES;
				SWIFT_VERSION = 5.0;
				TARGETED_DEVICE_FAMILY = "1,2";
			};
			name = Release;
		};
/* End XCBuildConfiguration section */

/* Begin XCConfigurationList section */
		3E857AC82BE020110027FD86 /* Build configuration list for PBXProject "assignment3_OnlineShoppingApp" */ = {
			isa = XCConfigurationList;
			buildConfigurations = (
				3E857AD92BE020120027FD86 /* Debug */,
				3E857ADA2BE020120027FD86 /* Release */,
			);
			defaultConfigurationIsVisible = 0;
			defaultConfigurationName = Release;
		};
		3E857ADB2BE020120027FD86 /* Build configuration list for PBXNativeTarget "assignment3_OnlineShoppingApp" */ = {
			isa = XCConfigurationList;
			buildConfigurations = (
				3E857ADC2BE020120027FD86 /* Debug */,
				3E857ADD2BE020120027FD86 /* Release */,
			);
			defaultConfigurationIsVisible = 0;
			defaultConfigurationName = Release;
		};
/* End XCConfigurationList section */

/* Begin XCRemoteSwiftPackageReference section */
		3E857AF52BE980390027FD86 /* XCRemoteSwiftPackageReference "firebase-ios-sdk" */ = {
			isa = XCRemoteSwiftPackageReference;
			repositoryURL = "https://github.com/firebase/firebase-ios-sdk";
			requirement = {
				kind = upToNextMajorVersion;
				minimumVersion = 10.25.0;
			};
		};
/* End XCRemoteSwiftPackageReference section */

/* Begin XCSwiftPackageProductDependency section */
		3E857AF62BE980390027FD86 /* FirebaseAuth */ = {
			isa = XCSwiftPackageProductDependency;
			package = 3E857AF52BE980390027FD86 /* XCRemoteSwiftPackageReference "firebase-ios-sdk" */;
			productName = FirebaseAuth;
		};
		3E857AF82BE980390027FD86 /* FirebaseFirestore */ = {
			isa = XCSwiftPackageProductDependency;
			package = 3E857AF52BE980390027FD86 /* XCRemoteSwiftPackageReference "firebase-ios-sdk" */;
			productName = FirebaseFirestore;
		};
		3E857AFA2BE980390027FD86 /* FirebaseFirestoreSwift */ = {
			isa = XCSwiftPackageProductDependency;
			package = 3E857AF52BE980390027FD86 /* XCRemoteSwiftPackageReference "firebase-ios-sdk" */;
			productName = FirebaseFirestoreSwift;
		};
		3E857AFC2BE980390027FD86 /* FirebaseStorage */ = {
			isa = XCSwiftPackageProductDependency;
			package = 3E857AF52BE980390027FD86 /* XCRemoteSwiftPackageReference "firebase-ios-sdk" */;
			productName = FirebaseStorage;
		};
/* End XCSwiftPackageProductDependency section */
	};
	rootObject = 3E857AC52BE020110027FD86 /* Project object */;
}
